
Microsoft Visual Studio Solution File, Format Version 12.00
# Visual Studio Version 17
VisualStudioVersion = 17.14.36221.1
MinimumVisualStudioVersion = 10.0.40219.1
Project("{FAE04EC0-301F-11D3-BF4B-00C04F79EFBC}") = "AcademiaDoZe.Domain", "AcademiaDoZe.Domain\AcademiaDoZe.Domain.csproj", "{85B2C761-9890-4827-AE27-BA50F9EE3627}"
EndProject
Project("{FAE04EC0-301F-11D3-BF4B-00C04F79EFBC}") = "AcademiaDoZe.Domain.Tests", "teste\AcademiaDoZe.Domain.Tests.csproj", "{64D03A71-6641-4C67-9E56-E9F31823CDA8}"
EndProject
Global
	GlobalSection(SolutionConfigurationPlatforms) = preSolution
		Debug|Any CPU = Debug|Any CPU
		Release|Any CPU = Release|Any CPU
	EndGlobalSection
	GlobalSection(ProjectConfigurationPlatforms) = postSolution
		{85B2C761-9890-4827-AE27-BA50F9EE3627}.Debug|Any CPU.ActiveCfg = Debug|Any CPU
		{85B2C761-9890-4827-AE27-BA50F9EE3627}.Debug|Any CPU.Build.0 = Debug|Any CPU
		{85B2C761-9890-4827-AE27-BA50F9EE3627}.Release|Any CPU.ActiveCfg = Release|Any CPU
		{85B2C761-9890-4827-AE27-BA50F9EE3627}.Release|Any CPU.Build.0 = Release|Any CPU
		{64D03A71-6641-4C67-9E56-E9F31823CDA8}.Debug|Any CPU.ActiveCfg = Debug|Any CPU
		{64D03A71-6641-4C67-9E56-E9F31823CDA8}.Debug|Any CPU.Build.0 = Debug|Any CPU
		{64D03A71-6641-4C67-9E56-E9F31823CDA8}.Release|Any CPU.ActiveCfg = Release|Any CPU
		{64D03A71-6641-4C67-9E56-E9F31823CDA8}.Release|Any CPU.Build.0 = Release|Any CPU
	EndGlobalSection
	GlobalSection(SolutionProperties) = preSolution
		HideSolutionNode = FALSE
	EndGlobalSection
	GlobalSection(ExtensibilityGlobals) = postSolution
		SolutionGuid = {21D33429-FC77-4805-93DA-42D73BEED2C3}
	EndGlobalSection
EndGlobal
